
Microsoft Visual Studio Solution File, Format Version 12.00
# Visual Studio Version 17
VisualStudioVersion = 17.7.34009.444
MinimumVisualStudioVersion = 10.0.40219.1
Project("{9A19103F-16F7-4668-BE54-9A1E7A4F7556}") = "CodeGeneration", "CodeGeneration.csproj", "{6A3CAFA7-D906-4383-A9E8-B07D15DAD378}"
EndProject
Project("{FAE04EC0-301F-11D3-BF4B-00C04F79EFBC}") = "CodeGeneration.Common", "..\CodeGeneration.Common\CodeGeneration.Common.csproj", "{217086E7-8BFD-45B7-9187-2735CC72F37D}"
EndProject
Global
	GlobalSection(SolutionConfigurationPlatforms) = preSolution
		Debug|Any CPU = Debug|Any CPU
		Release|Any CPU = Release|Any CPU
	EndGlobalSection
	GlobalSection(ProjectConfigurationPlatforms) = postSolution
		{6A3CAFA7-D906-4383-A9E8-B07D15DAD378}.Debug|Any CPU.ActiveCfg = Debug|Any CPU
		{6A3CAFA7-D906-4383-A9E8-B07D15DAD378}.Debug|Any CPU.Build.0 = Debug|Any CPU
		{6A3CAFA7-D906-4383-A9E8-B07D15DAD378}.Release|Any CPU.ActiveCfg = Release|Any CPU
		{6A3CAFA7-D906-4383-A9E8-B07D15DAD378}.Release|Any CPU.Build.0 = Release|Any CPU
		{217086E7-8BFD-45B7-9187-2735CC72F37D}.Debug|Any CPU.ActiveCfg = Debug|Any CPU
		{217086E7-8BFD-45B7-9187-2735CC72F37D}.Debug|Any CPU.Build.0 = Debug|Any CPU
		{217086E7-8BFD-45B7-9187-2735CC72F37D}.Release|Any CPU.ActiveCfg = Release|Any CPU
		{217086E7-8BFD-45B7-9187-2735CC72F37D}.Release|Any CPU.Build.0 = Release|Any CPU
	EndGlobalSection
	GlobalSection(SolutionProperties) = preSolution
		HideSolutionNode = FALSE
	EndGlobalSection
	GlobalSection(ExtensibilityGlobals) = postSolution
		SolutionGuid = {BEA9EBFE-3764-450D-9F07-60C41DF6A30E}
	EndGlobalSection
EndGlobal
